
Microsoft Visual Studio Solution File, Format Version 12.00
# Visual Studio Version 17
VisualStudioVersion = 17.14.36221.1 d17.14
MinimumVisualStudioVersion = 10.0.40219.1
Project("{FAE04EC0-301F-11D3-BF4B-00C04F79EFBC}") = "BlockChainCore", "BlockChainCore.csproj", "{B40DA133-B3C6-41FB-AF5B-52FEE2FD46C1}"
EndProject
Global
	GlobalSection(SolutionConfigurationPlatforms) = preSolution
		Debug|Any CPU = Debug|Any CPU
		Release|Any CPU = Release|Any CPU
	EndGlobalSection
	GlobalSection(ProjectConfigurationPlatforms) = postSolution
		{B40DA133-B3C6-41FB-AF5B-52FEE2FD46C1}.Debug|Any CPU.ActiveCfg = Debug|Any CPU
		{B40DA133-B3C6-41FB-AF5B-52FEE2FD46C1}.Debug|Any CPU.Build.0 = Debug|Any CPU
		{B40DA133-B3C6-41FB-AF5B-52FEE2FD46C1}.Release|Any CPU.ActiveCfg = Release|Any CPU
		{B40DA133-B3C6-41FB-AF5B-52FEE2FD46C1}.Release|Any CPU.Build.0 = Release|Any CPU
	EndGlobalSection
	GlobalSection(SolutionProperties) = preSolution
		HideSolutionNode = FALSE
	EndGlobalSection
	GlobalSection(ExtensibilityGlobals) = postSolution
		SolutionGuid = {2217A75F-4060-44FF-932B-D881B5139F5A}
	EndGlobalSection
EndGlobal
